
Microsoft Visual Studio Solution File, Format Version 12.00
# Visual Studio Version 17
VisualStudioVersion = 17.11.35219.272
MinimumVisualStudioVersion = 10.0.40219.1
Project("{FAE04EC0-301F-11D3-BF4B-00C04F79EFBC}") = "LicensePlateRecognition-C#", "LicensePlateRecognition-C#\LicensePlateRecognition-C#.csproj", "{A46818E1-89F2-4D33-92BC-5746F5B1B6C0}"
EndProject
Global
	GlobalSection(SolutionConfigurationPlatforms) = preSolution
		Debug|Any CPU = Debug|Any CPU
		Release|Any CPU = Release|Any CPU
	EndGlobalSection
	GlobalSection(ProjectConfigurationPlatforms) = postSolution
		{A46818E1-89F2-4D33-92BC-5746F5B1B6C0}.Debug|Any CPU.ActiveCfg = Debug|Any CPU
		{A46818E1-89F2-4D33-92BC-5746F5B1B6C0}.Debug|Any CPU.Build.0 = Debug|Any CPU
		{A46818E1-89F2-4D33-92BC-5746F5B1B6C0}.Release|Any CPU.ActiveCfg = Release|Any CPU
		{A46818E1-89F2-4D33-92BC-5746F5B1B6C0}.Release|Any CPU.Build.0 = Release|Any CPU
	EndGlobalSection
	GlobalSection(SolutionProperties) = preSolution
		HideSolutionNode = FALSE
	EndGlobalSection
	GlobalSection(ExtensibilityGlobals) = postSolution
		SolutionGuid = {038E2B93-126C-47CC-BFDC-56BC650F5DBE}
	EndGlobalSection
EndGlobal
